
Microsoft Visual Studio Solution File, Format Version 12.00
# Visual Studio Version 17
VisualStudioVersion = 17.6.33712.159
MinimumVisualStudioVersion = 10.0.40219.1
Project("{FAE04EC0-301F-11D3-BF4B-00C04F79EFBC}") = "ZombieApp", "ZombieApp.csproj", "{82DA9573-F350-4F8F-8F4E-12F764D1F5B6}"
EndProject
Project("{2150E333-8FDC-42A3-9474-1A3956D46DE8}") = "Solution Items", "Solution Items", "{EB7164E8-D5CE-4612-90D4-836C0AA1D322}"
	ProjectSection(SolutionItems) = preProject
		..\..\..\..\Downloads\8-bit-kit-lazer-5.wav = ..\..\..\..\Downloads\8-bit-kit-lazer-5.wav
		Resources\sound-shot.wav = Resources\sound-shot.wav
	EndProjectSection
EndProject
Global
	GlobalSection(SolutionConfigurationPlatforms) = preSolution
		Debug|Any CPU = Debug|Any CPU
		Release|Any CPU = Release|Any CPU
	EndGlobalSection
	GlobalSection(ProjectConfigurationPlatforms) = postSolution
		{82DA9573-F350-4F8F-8F4E-12F764D1F5B6}.Debug|Any CPU.ActiveCfg = Debug|Any CPU
		{82DA9573-F350-4F8F-8F4E-12F764D1F5B6}.Debug|Any CPU.Build.0 = Debug|Any CPU
		{82DA9573-F350-4F8F-8F4E-12F764D1F5B6}.Release|Any CPU.ActiveCfg = Release|Any CPU
		{82DA9573-F350-4F8F-8F4E-12F764D1F5B6}.Release|Any CPU.Build.0 = Release|Any CPU
	EndGlobalSection
	GlobalSection(SolutionProperties) = preSolution
		HideSolutionNode = FALSE
	EndGlobalSection
	GlobalSection(ExtensibilityGlobals) = postSolution
		SolutionGuid = {2D73E8F7-7784-4704-A61E-4A31B9F22D20}
	EndGlobalSection
EndGlobal
